
Microsoft Visual Studio Solution File, Format Version 12.00
# Visual Studio Version 17
VisualStudioVersion = 17.7.34024.191
MinimumVisualStudioVersion = 10.0.40219.1
Project("{FAE04EC0-301F-11D3-BF4B-00C04F79EFBC}") = "TaskSystem", "TaskSystem\TaskSystem.csproj", "{C2B65B5E-6AA0-4997-B8D7-FEC5D7A17F89}"
EndProject
Global
	GlobalSection(SolutionConfigurationPlatforms) = preSolution
		Debug|Any CPU = Debug|Any CPU
		Release|Any CPU = Release|Any CPU
	EndGlobalSection
	GlobalSection(ProjectConfigurationPlatforms) = postSolution
		{C2B65B5E-6AA0-4997-B8D7-FEC5D7A17F89}.Debug|Any CPU.ActiveCfg = Debug|Any CPU
		{C2B65B5E-6AA0-4997-B8D7-FEC5D7A17F89}.Debug|Any CPU.Build.0 = Debug|Any CPU
		{C2B65B5E-6AA0-4997-B8D7-FEC5D7A17F89}.Release|Any CPU.ActiveCfg = Release|Any CPU
		{C2B65B5E-6AA0-4997-B8D7-FEC5D7A17F89}.Release|Any CPU.Build.0 = Release|Any CPU
	EndGlobalSection
	GlobalSection(SolutionProperties) = preSolution
		HideSolutionNode = FALSE
	EndGlobalSection
	GlobalSection(ExtensibilityGlobals) = postSolution
		SolutionGuid = {1D65CE06-6B19-45FF-89F1-BBFCF37E6F2C}
	EndGlobalSection
EndGlobal
